
Microsoft Visual Studio Solution File, Format Version 12.00
# Visual Studio Version 16
VisualStudioVersion = 16.0.31105.61
MinimumVisualStudioVersion = 10.0.40219.1
Project("{FAE04EC0-301F-11D3-BF4B-00C04F79EFBC}") = "Intel 8085", "Intel 8085\Intel 8085.csproj", "{EF0EE3CC-0C8B-45AA-AB7A-9C15B806684F}"
EndProject
Global
	GlobalSection(SolutionConfigurationPlatforms) = preSolution
		Debug|Any CPU = Debug|Any CPU
		Release|Any CPU = Release|Any CPU
	EndGlobalSection
	GlobalSection(ProjectConfigurationPlatforms) = postSolution
		{EF0EE3CC-0C8B-45AA-AB7A-9C15B806684F}.Debug|Any CPU.ActiveCfg = Debug|Any CPU
		{EF0EE3CC-0C8B-45AA-AB7A-9C15B806684F}.Debug|Any CPU.Build.0 = Debug|Any CPU
		{EF0EE3CC-0C8B-45AA-AB7A-9C15B806684F}.Release|Any CPU.ActiveCfg = Release|Any CPU
		{EF0EE3CC-0C8B-45AA-AB7A-9C15B806684F}.Release|Any CPU.Build.0 = Release|Any CPU
	EndGlobalSection
	GlobalSection(SolutionProperties) = preSolution
		HideSolutionNode = FALSE
	EndGlobalSection
	GlobalSection(ExtensibilityGlobals) = postSolution
		SolutionGuid = {B0BF2F67-EFFF-466F-9817-D555023E0A73}
	EndGlobalSection
EndGlobal
